
Microsoft Visual Studio Solution File, Format Version 12.00
# Visual Studio Version 16
VisualStudioVersion = 16.0.31624.102
MinimumVisualStudioVersion = 10.0.40219.1
Project("{FAE04EC0-301F-11D3-BF4B-00C04F79EFBC}") = "practica zadanie 1 2", "practica zadanie 1 2\practica zadanie 1 2.csproj", "{290425FB-AC98-4A91-B143-875D9649F349}"
EndProject
Global
	GlobalSection(SolutionConfigurationPlatforms) = preSolution
		Debug|Any CPU = Debug|Any CPU
		Release|Any CPU = Release|Any CPU
	EndGlobalSection
	GlobalSection(ProjectConfigurationPlatforms) = postSolution
		{290425FB-AC98-4A91-B143-875D9649F349}.Debug|Any CPU.ActiveCfg = Debug|Any CPU
		{290425FB-AC98-4A91-B143-875D9649F349}.Debug|Any CPU.Build.0 = Debug|Any CPU
		{290425FB-AC98-4A91-B143-875D9649F349}.Release|Any CPU.ActiveCfg = Release|Any CPU
		{290425FB-AC98-4A91-B143-875D9649F349}.Release|Any CPU.Build.0 = Release|Any CPU
	EndGlobalSection
	GlobalSection(SolutionProperties) = preSolution
		HideSolutionNode = FALSE
	EndGlobalSection
	GlobalSection(ExtensibilityGlobals) = postSolution
		SolutionGuid = {3EBED27C-F1C3-410D-A269-0B6D4C698B04}
	EndGlobalSection
EndGlobal
